
Microsoft Visual Studio Solution File, Format Version 12.00
# Visual Studio Version 17
VisualStudioVersion = 17.0.31903.59
MinimumVisualStudioVersion = 10.0.40219.1
Project("{FAE04EC0-301F-11D3-BF4B-00C04F79EFBC}") = "RadarPecas.Domain", "RadarPecas.Domain\RadarPecas.Domain.csproj", "{A16BD026-7A2D-4CA2-9B5C-DAA7455DCF4F}"
EndProject
Project("{FAE04EC0-301F-11D3-BF4B-00C04F79EFBC}") = "RadarPecas.Application", "RadarPecas.Application\RadarPecas.Application.csproj", "{00A20880-6672-4205-9411-D8C9AB5BEC08}"
EndProject
Project("{FAE04EC0-301F-11D3-BF4B-00C04F79EFBC}") = "RadarPecas.Infrastructure", "RadarPecas.Infrastructure\RadarPecas.Infrastructure.csproj", "{04160D77-64AF-44F6-AE4D-5E76FA599DF0}"
EndProject
Project("{FAE04EC0-301F-11D3-BF4B-00C04F79EFBC}") = "RadarPecas.Api", "RadarPecas.Api\RadarPecas.Api.csproj", "{C87773F5-3828-4510-9DD8-7EC2E20D1B1E}"
EndProject
Global
	GlobalSection(SolutionConfigurationPlatforms) = preSolution
		Debug|Any CPU = Debug|Any CPU
		Debug|x64 = Debug|x64
		Debug|x86 = Debug|x86
		Release|Any CPU = Release|Any CPU
		Release|x64 = Release|x64
		Release|x86 = Release|x86
	EndGlobalSection
	GlobalSection(ProjectConfigurationPlatforms) = postSolution
		{A16BD026-7A2D-4CA2-9B5C-DAA7455DCF4F}.Debug|Any CPU.ActiveCfg = Debug|Any CPU
		{A16BD026-7A2D-4CA2-9B5C-DAA7455DCF4F}.Debug|Any CPU.Build.0 = Debug|Any CPU
		{A16BD026-7A2D-4CA2-9B5C-DAA7455DCF4F}.Debug|x64.ActiveCfg = Debug|Any CPU
		{A16BD026-7A2D-4CA2-9B5C-DAA7455DCF4F}.Debug|x64.Build.0 = Debug|Any CPU
		{A16BD026-7A2D-4CA2-9B5C-DAA7455DCF4F}.Debug|x86.ActiveCfg = Debug|Any CPU
		{A16BD026-7A2D-4CA2-9B5C-DAA7455DCF4F}.Debug|x86.Build.0 = Debug|Any CPU
		{A16BD026-7A2D-4CA2-9B5C-DAA7455DCF4F}.Release|Any CPU.ActiveCfg = Release|Any CPU
		{A16BD026-7A2D-4CA2-9B5C-DAA7455DCF4F}.Release|Any CPU.Build.0 = Release|Any CPU
		{A16BD026-7A2D-4CA2-9B5C-DAA7455DCF4F}.Release|x64.ActiveCfg = Release|Any CPU
		{A16BD026-7A2D-4CA2-9B5C-DAA7455DCF4F}.Release|x64.Build.0 = Release|Any CPU
		{A16BD026-7A2D-4CA2-9B5C-DAA7455DCF4F}.Release|x86.ActiveCfg = Release|Any CPU
		{A16BD026-7A2D-4CA2-9B5C-DAA7455DCF4F}.Release|x86.Build.0 = Release|Any CPU
		{00A20880-6672-4205-9411-D8C9AB5BEC08}.Debug|Any CPU.ActiveCfg = Debug|Any CPU
		{00A20880-6672-4205-9411-D8C9AB5BEC08}.Debug|Any CPU.Build.0 = Debug|Any CPU
		{00A20880-6672-4205-9411-D8C9AB5BEC08}.Debug|x64.ActiveCfg = Debug|Any CPU
		{00A20880-6672-4205-9411-D8C9AB5BEC08}.Debug|x64.Build.0 = Debug|Any CPU
		{00A20880-6672-4205-9411-D8C9AB5BEC08}.Debug|x86.ActiveCfg = Debug|Any CPU
		{00A20880-6672-4205-9411-D8C9AB5BEC08}.Debug|x86.Build.0 = Debug|Any CPU
		{00A20880-6672-4205-9411-D8C9AB5BEC08}.Release|Any CPU.ActiveCfg = Release|Any CPU
		{00A20880-6672-4205-9411-D8C9AB5BEC08}.Release|Any CPU.Build.0 = Release|Any CPU
		{00A20880-6672-4205-9411-D8C9AB5BEC08}.Release|x64.ActiveCfg = Release|Any CPU
		{00A20880-6672-4205-9411-D8C9AB5BEC08}.Release|x64.Build.0 = Release|Any CPU
		{00A20880-6672-4205-9411-D8C9AB5BEC08}.Release|x86.ActiveCfg = Release|Any CPU
		{00A20880-6672-4205-9411-D8C9AB5BEC08}.Release|x86.Build.0 = Release|Any CPU
		{04160D77-64AF-44F6-AE4D-5E76FA599DF0}.Debug|Any CPU.ActiveCfg = Debug|Any CPU
		{04160D77-64AF-44F6-AE4D-5E76FA599DF0}.Debug|Any CPU.Build.0 = Debug|Any CPU
		{04160D77-64AF-44F6-AE4D-5E76FA599DF0}.Debug|x64.ActiveCfg = Debug|Any CPU
		{04160D77-64AF-44F6-AE4D-5E76FA599DF0}.Debug|x64.Build.0 = Debug|Any CPU
		{04160D77-64AF-44F6-AE4D-5E76FA599DF0}.Debug|x86.ActiveCfg = Debug|Any CPU
		{04160D77-64AF-44F6-AE4D-5E76FA599DF0}.Debug|x86.Build.0 = Debug|Any CPU
		{04160D77-64AF-44F6-AE4D-5E76FA599DF0}.Release|Any CPU.ActiveCfg = Release|Any CPU
		{04160D77-64AF-44F6-AE4D-5E76FA599DF0}.Release|Any CPU.Build.0 = Release|Any CPU
		{04160D77-64AF-44F6-AE4D-5E76FA599DF0}.Release|x64.ActiveCfg = Release|Any CPU
		{04160D77-64AF-44F6-AE4D-5E76FA599DF0}.Release|x64.Build.0 = Release|Any CPU
		{04160D77-64AF-44F6-AE4D-5E76FA599DF0}.Release|x86.ActiveCfg = Release|Any CPU
		{04160D77-64AF-44F6-AE4D-5E76FA599DF0}.Release|x86.Build.0 = Release|Any CPU
		{C87773F5-3828-4510-9DD8-7EC2E20D1B1E}.Debug|Any CPU.ActiveCfg = Debug|Any CPU
		{C87773F5-3828-4510-9DD8-7EC2E20D1B1E}.Debug|Any CPU.Build.0 = Debug|Any CPU
		{C87773F5-3828-4510-9DD8-7EC2E20D1B1E}.Debug|x64.ActiveCfg = Debug|Any CPU
		{C87773F5-3828-4510-9DD8-7EC2E20D1B1E}.Debug|x64.Build.0 = Debug|Any CPU
		{C87773F5-3828-4510-9DD8-7EC2E20D1B1E}.Debug|x86.ActiveCfg = Debug|Any CPU
		{C87773F5-3828-4510-9DD8-7EC2E20D1B1E}.Debug|x86.Build.0 = Debug|Any CPU
		{C87773F5-3828-4510-9DD8-7EC2E20D1B1E}.Release|Any CPU.ActiveCfg = Release|Any CPU
		{C87773F5-3828-4510-9DD8-7EC2E20D1B1E}.Release|Any CPU.Build.0 = Release|Any CPU
		{C87773F5-3828-4510-9DD8-7EC2E20D1B1E}.Release|x64.ActiveCfg = Release|Any CPU
		{C87773F5-3828-4510-9DD8-7EC2E20D1B1E}.Release|x64.Build.0 = Release|Any CPU
		{C87773F5-3828-4510-9DD8-7EC2E20D1B1E}.Release|x86.ActiveCfg = Release|Any CPU
		{C87773F5-3828-4510-9DD8-7EC2E20D1B1E}.Release|x86.Build.0 = Release|Any CPU
	EndGlobalSection
	GlobalSection(SolutionProperties) = preSolution
		HideSolutionNode = FALSE
	EndGlobalSection
EndGlobal
